
Microsoft Visual Studio Solution File, Format Version 12.00
# Visual Studio Version 17
VisualStudioVersion = 17.0.31903.59
MinimumVisualStudioVersion = 10.0.40219.1
Project("{FAE04EC0-301F-11D3-BF4B-00C04F79EFBC}") = "RepositorioAcademico.Server", "RepositorioAcademico.Server\RepositorioAcademico.Server.csproj", "{B6FF5AEF-5989-4D34-8E6C-60008566C5DA}"
EndProject
Project("{54a90642-561a-4bb1-a94e-469adee60c69}") = "repositorioacademico.client", "repositorioacademico.client\repositorioacademico.client.esproj", "{82ADE33E-4D32-4227-A24A-429625A2B0A4}"
EndProject
Global
	GlobalSection(SolutionConfigurationPlatforms) = preSolution
		Debug|Any CPU = Debug|Any CPU
		Release|Any CPU = Release|Any CPU
	EndGlobalSection
	GlobalSection(SolutionProperties) = preSolution
		HideSolutionNode = FALSE
	EndGlobalSection
	GlobalSection(ProjectConfigurationPlatforms) = postSolution
		{B6FF5AEF-5989-4D34-8E6C-60008566C5DA}.Debug|Any CPU.ActiveCfg = Debug|Any CPU
		{B6FF5AEF-5989-4D34-8E6C-60008566C5DA}.Debug|Any CPU.Build.0 = Debug|Any CPU
		{B6FF5AEF-5989-4D34-8E6C-60008566C5DA}.Release|Any CPU.ActiveCfg = Release|Any CPU
		{B6FF5AEF-5989-4D34-8E6C-60008566C5DA}.Release|Any CPU.Build.0 = Release|Any CPU
		{82ADE33E-4D32-4227-A24A-429625A2B0A4}.Debug|Any CPU.ActiveCfg = Debug|Any CPU
		{82ADE33E-4D32-4227-A24A-429625A2B0A4}.Debug|Any CPU.Build.0 = Debug|Any CPU
		{82ADE33E-4D32-4227-A24A-429625A2B0A4}.Release|Any CPU.ActiveCfg = Release|Any CPU
		{82ADE33E-4D32-4227-A24A-429625A2B0A4}.Release|Any CPU.Build.0 = Release|Any CPU
	EndGlobalSection
EndGlobal
